# THIS IS AN AUTOGENERATED FILE. DO NOT EDIT THIS FILE DIRECTLY.
# yarn lockfile v1


typescript@^3.7.0-dev.20190917:
  version "3.7.0-dev.20190917"
  resolved "https://registry.yarnpkg.com/typescript/-/typescript-3.7.0-dev.20190917.tgz#e864b101456727ca848ff4dd2759277f142ec5e4"
  integrity sha512-rOTvzzW8WIGloSlhDPjWWP/dJYWWBpzwZT0ciOAGRP4HPYJHqKI7RzfKwQE0D3EwJiuXth8bgs9coe9B3f9NDg==
